{
  "nodes": {
    "autoLayoutYazi": {
      "flake": false,
      "locked": {
        "lastModified": 1753889470,
        "narHash": "sha256-4vRIGU/ArXhW9ervhyNhpfDN7UF4pqVYnxi6FExlgGk=",
        "owner": "luccahuguet",
        "repo": "auto-layout.yazi",
        "rev": "e24bee9f6dd15ff80eae1b3dc1a6b06ee7e66121",
        "type": "github"
      },
      "original": {
        "owner": "luccahuguet",
        "repo": "auto-layout.yazi",
        "type": "github"
      }
    },
    "crane": {
      "locked": {
        "lastModified": 1776396856,
        "narHash": "sha256-aRJpIJUlZLaf06ekPvqjuU46zvO9K90IxJGpbqodkPs=",
        "owner": "ipetkov",
        "repo": "crane",
        "rev": "28462d6d55c33206ffa5a56c7907ca3125ed788f",
        "type": "github"
      },
      "original": {
        "owner": "ipetkov",
        "repo": "crane",
        "type": "github"
      }
    },
    "fenix": {
      "inputs": {
        "nixpkgs": [
          "yazelixScreen",
          "nixpkgs"
        ],
        "rust-analyzer-src": "rust-analyzer-src"
      },
      "locked": {
        "lastModified": 1777969788,
        "narHash": "sha256-8sr3w0KyQ0K7TEd8pYwYrxiDk0GZ4A7iIcl1lsxlzVM=",
        "owner": "nix-community",
        "repo": "fenix",
        "rev": "3abc2d5559f4dc30c710ab152abcb4cb60b561ba",
        "type": "github"
      },
      "original": {
        "owner": "nix-community",
        "repo": "fenix",
        "type": "github"
      }
    },
    "fenix_2": {
      "inputs": {
        "nixpkgs": [
          "yazelixZellijBar",
          "nixpkgs"
        ],
        "rust-analyzer-src": "rust-analyzer-src_2"
      },
      "locked": {
        "lastModified": 1777969788,
        "narHash": "sha256-8sr3w0KyQ0K7TEd8pYwYrxiDk0GZ4A7iIcl1lsxlzVM=",
        "owner": "nix-community",
        "repo": "fenix",
        "rev": "3abc2d5559f4dc30c710ab152abcb4cb60b561ba",
        "type": "github"
      },
      "original": {
        "owner": "nix-community",
        "repo": "fenix",
        "type": "github"
      }
    },
    "fenix_3": {
      "inputs": {
        "nixpkgs": [
          "yazelixZellijPaneOrchestrator",
          "nixpkgs"
        ],
        "rust-analyzer-src": "rust-analyzer-src_3"
      },
      "locked": {
        "lastModified": 1779270500,
        "narHash": "sha256-r60KTphdevmdIDz1iJ529HvcpOq082ZZ1OnN3jDnrqk=",
        "owner": "nix-community",
        "repo": "fenix",
        "rev": "848395a91def85c11694587636151d89555f1ddb",
        "type": "github"
      },
      "original": {
        "owner": "nix-community",
        "repo": "fenix",
        "type": "github"
      }
    },
    "fenix_4": {
      "inputs": {
        "nixpkgs": "nixpkgs_2",
        "rust-analyzer-src": "rust-analyzer-src_4"
      },
      "locked": {
        "lastModified": 1777969788,
        "narHash": "sha256-8sr3w0KyQ0K7TEd8pYwYrxiDk0GZ4A7iIcl1lsxlzVM=",
        "owner": "nix-community",
        "repo": "fenix",
        "rev": "3abc2d5559f4dc30c710ab152abcb4cb60b561ba",
        "type": "github"
      },
      "original": {
        "owner": "nix-community",
        "repo": "fenix",
        "type": "github"
      }
    },
    "flake-parts": {
      "inputs": {
        "nixpkgs-lib": "nixpkgs-lib"
      },
      "locked": {
        "lastModified": 1778716662,
        "narHash": "sha256-m1Yf0wZ8j1OHjTc2UwHwyQRSnNeSgLJOd7q5Y45hzi4=",
        "owner": "hercules-ci",
        "repo": "flake-parts",
        "rev": "f7c1a2d347e4c52d5fb8d10cb4d94b5884e546fb",
        "type": "github"
      },
      "original": {
        "owner": "hercules-ci",
        "repo": "flake-parts",
        "type": "github"
      }
    },
    "flake-utils": {
      "inputs": {
        "systems": "systems_2"
      },
      "locked": {
        "lastModified": 1731533236,
        "narHash": "sha256-l0KFg5HjrsfsO/JpG+r7fRrqm12kzFHyUHqHCVpMMbI=",
        "owner": "numtide",
        "repo": "flake-utils",
        "rev": "11707dc2f618dd54ca8739b309ec4fc024de578b",
        "type": "github"
      },
      "original": {
        "owner": "numtide",
        "repo": "flake-utils",
        "type": "github"
      }
    },
    "flake-utils_2": {
      "inputs": {
        "systems": "systems_3"
      },
      "locked": {
        "lastModified": 1731533236,
        "narHash": "sha256-l0KFg5HjrsfsO/JpG+r7fRrqm12kzFHyUHqHCVpMMbI=",
        "owner": "numtide",
        "repo": "flake-utils",
        "rev": "11707dc2f618dd54ca8739b309ec4fc024de578b",
        "type": "github"
      },
      "original": {
        "owner": "numtide",
        "repo": "flake-utils",
        "type": "github"
      }
    },
    "flake-utils_3": {
      "inputs": {
        "systems": "systems_4"
      },
      "locked": {
        "lastModified": 1731533236,
        "narHash": "sha256-l0KFg5HjrsfsO/JpG+r7fRrqm12kzFHyUHqHCVpMMbI=",
        "owner": "numtide",
        "repo": "flake-utils",
        "rev": "11707dc2f618dd54ca8739b309ec4fc024de578b",
        "type": "github"
      },
      "original": {
        "owner": "numtide",
        "repo": "flake-utils",
        "type": "github"
      }
    },
    "home-manager": {
      "inputs": {
        "nixpkgs": [
          "nixpkgs"
        ]
      },
      "locked": {
        "lastModified": 1783005591,
        "narHash": "sha256-NcLHV5uBAeggDUE2wPbKszjfyaSLsoqaYt7izOphkZw=",
        "owner": "nix-community",
        "repo": "home-manager",
        "rev": "f469c79b955609d6a8fdd9e689be76a93b1621d7",
        "type": "github"
      },
      "original": {
        "owner": "nix-community",
        "repo": "home-manager",
        "type": "github"
      }
    },
    "mars": {
      "inputs": {
        "flake-parts": "flake-parts",
        "nixpkgs": [
          "nixpkgs"
        ],
        "rust-overlay": "rust-overlay",
        "systems": "systems"
      },
      "locked": {
        "lastModified": 1782185429,
        "narHash": "sha256-FLjKqcCvJpweivAtdQcQIOfXpJ3+eOwhKitD0IC4b6w=",
        "owner": "luccahuguet",
        "repo": "mars",
        "rev": "c3845d1c8482171bcbbe8d0b49f572311a4ec23c",
        "type": "github"
      },
      "original": {
        "owner": "luccahuguet",
        "repo": "mars",
        "type": "github"
      }
    },
    "nixpkgs": {
      "locked": {
        "lastModified": 1781577229,
        "narHash": "sha256-lrp67w8AulE9Ks53n27I45ADSzbOCn4H+CNW1Ck8B+8=",
        "owner": "NixOS",
        "repo": "nixpkgs",
        "rev": "567a49d1913ce81ac6e9582e3553dd90a955875f",
        "type": "github"
      },
      "original": {
        "owner": "NixOS",
        "ref": "nixos-unstable",
        "repo": "nixpkgs",
        "type": "github"
      }
    },
    "nixpkgs-lib": {
      "locked": {
        "lastModified": 1777168982,
        "narHash": "sha256-GOkGPcboWE9BmGCRMLX3worL4EMnsnG8MyKmXNeYuhQ=",
        "owner": "nix-community",
        "repo": "nixpkgs.lib",
        "rev": "f5901329dade4a6ea039af1433fb087bd9c1fe14",
        "type": "github"
      },
      "original": {
        "owner": "nix-community",
        "repo": "nixpkgs.lib",
        "type": "github"
      }
    },
    "nixpkgs_2": {
      "locked": {
        "lastModified": 1777578337,
        "narHash": "sha256-Ad49moKWeXtKBJNy2ebiTQUEgdLyvGmTeykAQ9xM+Z4=",
        "owner": "nixos",
        "repo": "nixpkgs",
        "rev": "15f4ee454b1dce334612fa6843b3e05cf546efab",
        "type": "github"
      },
      "original": {
        "owner": "nixos",
        "ref": "nixos-unstable",
        "repo": "nixpkgs",
        "type": "github"
      }
    },
    "ratconfig": {
      "flake": false,
      "locked": {
        "lastModified": 1783028111,
        "narHash": "sha256-ygdqikhS1ef2GYtxAF5GMr54R7VO8R0dJhANk1YsTSo=",
        "owner": "luccahuguet",
        "repo": "ratconfig",
        "rev": "67c783ed14d6167aec53ec0ada9773c91b171567",
        "type": "github"
      },
      "original": {
        "owner": "luccahuguet",
        "repo": "ratconfig",
        "type": "github"
      }
    },
    "root": {
      "inputs": {
        "autoLayoutYazi": "autoLayoutYazi",
        "home-manager": "home-manager",
        "mars": "mars",
        "nixpkgs": "nixpkgs",
        "ratconfig": "ratconfig",
        "starshipYazi": "starshipYazi",
        "yazelixHelix": "yazelixHelix",
        "yazelixScreen": "yazelixScreen",
        "yazelixZellij": "yazelixZellij",
        "yazelixZellijBar": "yazelixZellijBar",
        "yazelixZellijPaneOrchestrator": "yazelixZellijPaneOrchestrator",
        "yazelixZellijPopup": "yazelixZellijPopup"
      }
    },
    "rust-analyzer-src": {
      "flake": false,
      "locked": {
        "lastModified": 1777924689,
        "narHash": "sha256-9Z0puLyCSYvtYhP1IZMxC05DSgwA+5rE99jsv1KErc4=",
        "owner": "rust-lang",
        "repo": "rust-analyzer",
        "rev": "91c7c2c4ca6a0520cfbf97e369e4fb7bf0b63b7a",
        "type": "github"
      },
      "original": {
        "owner": "rust-lang",
        "ref": "nightly",
        "repo": "rust-analyzer",
        "type": "github"
      }
    },
    "rust-analyzer-src_2": {
      "flake": false,
      "locked": {
        "lastModified": 1777924689,
        "narHash": "sha256-9Z0puLyCSYvtYhP1IZMxC05DSgwA+5rE99jsv1KErc4=",
        "owner": "rust-lang",
        "repo": "rust-analyzer",
        "rev": "91c7c2c4ca6a0520cfbf97e369e4fb7bf0b63b7a",
        "type": "github"
      },
      "original": {
        "owner": "rust-lang",
        "ref": "nightly",
        "repo": "rust-analyzer",
        "type": "github"
      }
    },
    "rust-analyzer-src_3": {
      "flake": false,
      "locked": {
        "lastModified": 1779221047,
        "narHash": "sha256-HkOWI9C4kxA6xkS9GXhe4hAAme7ekOWje3b1U7rLSIo=",
        "owner": "rust-lang",
        "repo": "rust-analyzer",
        "rev": "f4bd646a7867c7814770168e0d4b9bd3418c1066",
        "type": "github"
      },
      "original": {
        "owner": "rust-lang",
        "ref": "nightly",
        "repo": "rust-analyzer",
        "type": "github"
      }
    },
    "rust-analyzer-src_4": {
      "flake": false,
      "locked": {
        "lastModified": 1777924689,
        "narHash": "sha256-9Z0puLyCSYvtYhP1IZMxC05DSgwA+5rE99jsv1KErc4=",
        "owner": "rust-lang",
        "repo": "rust-analyzer",
        "rev": "91c7c2c4ca6a0520cfbf97e369e4fb7bf0b63b7a",
        "type": "github"
      },
      "original": {
        "owner": "rust-lang",
        "ref": "nightly",
        "repo": "rust-analyzer",
        "type": "github"
      }
    },
    "rust-overlay": {
      "inputs": {
        "nixpkgs": [
          "mars",
          "nixpkgs"
        ]
      },
      "locked": {
        "lastModified": 1781320681,
        "narHash": "sha256-mjJ/VxJaIkgcUvKANgKOaaN5M1X1X+6NjCP0C5hw0WI=",
        "owner": "oxalica",
        "repo": "rust-overlay",
        "rev": "5b929d8c854149d926d05ea0cd6469bf4e54db27",
        "type": "github"
      },
      "original": {
        "owner": "oxalica",
        "repo": "rust-overlay",
        "type": "github"
      }
    },
    "rust-overlay_2": {
      "inputs": {
        "nixpkgs": [
          "yazelixHelix",
          "nixpkgs"
        ]
      },
      "locked": {
        "lastModified": 1775358767,
        "narHash": "sha256-f2eC+WIfhjevCPQILuV08i/kmKZzYZpUvkom/33VxCA=",
        "owner": "oxalica",
        "repo": "rust-overlay",
        "rev": "20fd44bc663daa53a2575e01293e24e681d62244",
        "type": "github"
      },
      "original": {
        "owner": "oxalica",
        "repo": "rust-overlay",
        "type": "github"
      }
    },
    "rust-overlay_3": {
      "inputs": {
        "nixpkgs": [
          "yazelixZellijBar",
          "zjstatus",
          "nixpkgs"
        ]
      },
      "locked": {
        "lastModified": 1776395632,
        "narHash": "sha256-Mi1uF5f2FsdBIvy+v7MtsqxD3Xjhd0ARJdwoqqqPtJo=",
        "owner": "oxalica",
        "repo": "rust-overlay",
        "rev": "8087ff1f47fff983a1fba70fa88b759f2fd8ae97",
        "type": "github"
      },
      "original": {
        "owner": "oxalica",
        "repo": "rust-overlay",
        "type": "github"
      }
    },
    "starshipYazi": {
      "flake": false,
      "locked": {
        "lastModified": 1781463098,
        "narHash": "sha256-I21to4cxlszRpsb58cvsmwX7VglQBSJC0rrsFIltzC8=",
        "owner": "Rolv-Apneseth",
        "repo": "starship.yazi",
        "rev": "159eaba5b5052bf78ff6cfbfe4e527b946818c82",
        "type": "github"
      },
      "original": {
        "owner": "Rolv-Apneseth",
        "repo": "starship.yazi",
        "type": "github"
      }
    },
    "systems": {
      "locked": {
        "lastModified": 1681028828,
        "narHash": "sha256-Vy1rq5AaRuLzOxct8nz4T6wlgyUR7zLU309k9mBC768=",
        "owner": "nix-systems",
        "repo": "default",
        "rev": "da67096a3b9bf56a91d16901293e51ba5b49a27e",
        "type": "github"
      },
      "original": {
        "owner": "nix-systems",
        "repo": "default",
        "type": "github"
      }
    },
    "systems_2": {
      "locked": {
        "lastModified": 1681028828,
        "narHash": "sha256-Vy1rq5AaRuLzOxct8nz4T6wlgyUR7zLU309k9mBC768=",
        "owner": "nix-systems",
        "repo": "default",
        "rev": "da67096a3b9bf56a91d16901293e51ba5b49a27e",
        "type": "github"
      },
      "original": {
        "owner": "nix-systems",
        "repo": "default",
        "type": "github"
      }
    },
    "systems_3": {
      "locked": {
        "lastModified": 1681028828,
        "narHash": "sha256-Vy1rq5AaRuLzOxct8nz4T6wlgyUR7zLU309k9mBC768=",
        "owner": "nix-systems",
        "repo": "default",
        "rev": "da67096a3b9bf56a91d16901293e51ba5b49a27e",
        "type": "github"
      },
      "original": {
        "owner": "nix-systems",
        "repo": "default",
        "type": "github"
      }
    },
    "systems_4": {
      "locked": {
        "lastModified": 1681028828,
        "narHash": "sha256-Vy1rq5AaRuLzOxct8nz4T6wlgyUR7zLU309k9mBC768=",
        "owner": "nix-systems",
        "repo": "default",
        "rev": "da67096a3b9bf56a91d16901293e51ba5b49a27e",
        "type": "github"
      },
      "original": {
        "owner": "nix-systems",
        "repo": "default",
        "type": "github"
      }
    },
    "yazelixHelix": {
      "inputs": {
        "nixpkgs": [
          "nixpkgs"
        ],
        "rust-overlay": "rust-overlay_2"
      },
      "locked": {
        "lastModified": 1781906528,
        "narHash": "sha256-8sDX6JmdZfy+S36YjPOMBtLrcrgSt3V0hZHmG4aBXQg=",
        "owner": "luccahuguet",
        "repo": "yazelix-helix",
        "rev": "c85dda9badf30c73c564aa4a284511ce33849cbd",
        "type": "github"
      },
      "original": {
        "owner": "luccahuguet",
        "repo": "yazelix-helix",
        "type": "github"
      }
    },
    "yazelixScreen": {
      "inputs": {
        "fenix": "fenix",
        "nixpkgs": [
          "nixpkgs"
        ]
      },
      "locked": {
        "lastModified": 1782859311,
        "narHash": "sha256-k/srHNzPZh2HxW6AjQo7q15iQZHND+67vmaNG+t6xTA=",
        "owner": "luccahuguet",
        "repo": "yazelix-screen",
        "rev": "2cf5bbfaf3526006b151f17a1747492fd021c6fb",
        "type": "github"
      },
      "original": {
        "owner": "luccahuguet",
        "repo": "yazelix-screen",
        "type": "github"
      }
    },
    "yazelixZellij": {
      "flake": false,
      "locked": {
        "lastModified": 1782497117,
        "narHash": "sha256-mCG03DeZy6e6vWnxuf7wevCrve1MyzvhG7tprbokkik=",
        "owner": "luccahuguet",
        "repo": "yazelix-zellij",
        "rev": "4aa20707c644475a2d046fdd1c267b9db3af366c",
        "type": "github"
      },
      "original": {
        "owner": "luccahuguet",
        "ref": "yazelix_kgp_preview",
        "repo": "yazelix-zellij",
        "type": "github"
      }
    },
    "yazelixZellijBar": {
      "inputs": {
        "fenix": "fenix_2",
        "nixpkgs": [
          "nixpkgs"
        ],
        "zjstatus": "zjstatus"
      },
      "locked": {
        "lastModified": 1782357550,
        "narHash": "sha256-Dn2NXkr7/pDbi5CeBCsl6lr/Zc9I0UbjgMPbBaCSjGk=",
        "owner": "luccahuguet",
        "repo": "yazelix-zellij-bar",
        "rev": "7ceee67628b087cb16b5e7e9c1ce8e3eef63b2d8",
        "type": "github"
      },
      "original": {
        "owner": "luccahuguet",
        "repo": "yazelix-zellij-bar",
        "type": "github"
      }
    },
    "yazelixZellijPaneOrchestrator": {
      "inputs": {
        "fenix": "fenix_3",
        "flake-utils": "flake-utils_2",
        "nixpkgs": [
          "nixpkgs"
        ]
      },
      "locked": {
        "lastModified": 1782839307,
        "narHash": "sha256-9nHp6XFkoKIFUxFscY20pc/FTmlZr3rrOXC0M9o2ffQ=",
        "owner": "luccahuguet",
        "repo": "yazelix-zellij-pane-orchestrator",
        "rev": "b59ae294cf6ada87ea3fdeadc026452f66d046f1",
        "type": "github"
      },
      "original": {
        "owner": "luccahuguet",
        "repo": "yazelix-zellij-pane-orchestrator",
        "type": "github"
      }
    },
    "yazelixZellijPopup": {
      "inputs": {
        "fenix": "fenix_4",
        "flake-utils": "flake-utils_3",
        "nixpkgs": [
          "nixpkgs"
        ]
      },
      "locked": {
        "lastModified": 1783038100,
        "narHash": "sha256-LHCn3TK5cCa0gdUqt87gGo7jAQGQP5uWwbkllS2WFVo=",
        "owner": "luccahuguet",
        "repo": "yazelix-zellij-popup",
        "rev": "7a2537cf6f081560cbc6e81a8f1345a9d64ccdc9",
        "type": "github"
      },
      "original": {
        "owner": "luccahuguet",
        "repo": "yazelix-zellij-popup",
        "type": "github"
      }
    },
    "zjstatus": {
      "inputs": {
        "crane": "crane",
        "flake-utils": "flake-utils",
        "nixpkgs": [
          "yazelixZellijBar",
          "nixpkgs"
        ],
        "rust-overlay": "rust-overlay_3"
      },
      "locked": {
        "lastModified": 1780512417,
        "narHash": "sha256-/LsFGF0BAYdiVVQZ/8vjo6IXuSsYS+ueIWHN47NHEAc=",
        "owner": "dj95",
        "repo": "zjstatus",
        "rev": "17609e498f88e674b846b844b48ad1dc545fddcf",
        "type": "github"
      },
      "original": {
        "owner": "dj95",
        "repo": "zjstatus",
        "type": "github"
      }
    }
  },
  "root": "root",
  "version": 7
}
